
Microsoft Visual Studio Solution File, Format Version 12.00
Project("{FAE04EC0-301F-11D3-BF4B-00C04F79EFBC}") = "PasswordGeneratorCLI", "PasswordGeneratorCLI\PasswordGeneratorCLI.csproj", "{D99A6992-F707-4C70-BD55-516D04D6F7D8}"
EndProject
Project("{FAE04EC0-301F-11D3-BF4B-00C04F79EFBC}") = "PasswordGeneratorCLI.UnitTests", "PasswordGeneratorCLI.UnitTests\PasswordGeneratorCLI.UnitTests.csproj", "{D5E3020B-63A0-4C33-BBA5-196D120DDFE1}"
EndProject
Project("{2150E333-8FDC-42A3-9474-1A3956D46DE8}") = "SolutionFolder", "SolutionFolder", "{F4A3324E-C6EF-420E-A558-04E3933DB098}"
	ProjectSection(SolutionItems) = preProject
		README.md = README.md
	EndProjectSection
EndProject
Global
	GlobalSection(SolutionConfigurationPlatforms) = preSolution
		Debug|Any CPU = Debug|Any CPU
		Release|Any CPU = Release|Any CPU
	EndGlobalSection
	GlobalSection(ProjectConfigurationPlatforms) = postSolution
		{D99A6992-F707-4C70-BD55-516D04D6F7D8}.Debug|Any CPU.ActiveCfg = Debug|Any CPU
		{D99A6992-F707-4C70-BD55-516D04D6F7D8}.Debug|Any CPU.Build.0 = Debug|Any CPU
		{D99A6992-F707-4C70-BD55-516D04D6F7D8}.Release|Any CPU.ActiveCfg = Release|Any CPU
		{D99A6992-F707-4C70-BD55-516D04D6F7D8}.Release|Any CPU.Build.0 = Release|Any CPU
		{D5E3020B-63A0-4C33-BBA5-196D120DDFE1}.Debug|Any CPU.ActiveCfg = Debug|Any CPU
		{D5E3020B-63A0-4C33-BBA5-196D120DDFE1}.Debug|Any CPU.Build.0 = Debug|Any CPU
		{D5E3020B-63A0-4C33-BBA5-196D120DDFE1}.Release|Any CPU.ActiveCfg = Release|Any CPU
		{D5E3020B-63A0-4C33-BBA5-196D120DDFE1}.Release|Any CPU.Build.0 = Release|Any CPU
	EndGlobalSection
EndGlobal
